{
  "version": 4,
  "terraform_version": "1.15.9",
  "serial": 3,
  "lineage": "fad18af8-0f76-1103-8de7-68009150433f",
  "outputs": {},
  "resources": [
    {
      "mode": "data",
      "type": "yandex_compute_image",
      "name": "ubuntu-22-04",
      "provider": "provider[\"registry.terraform.io/yandex-cloud/yandex\"]",
      "instances": [
        {
          "schema_version": 0,
          "attributes": {
            "created_at": "2026-08-17T18:28:13Z",
            "description": "Ubuntu 22.04 lts v20260812085451",
            "family": "ubuntu-2204-lts",
            "folder_id": "standard-images",
            "hardware_generation": [
              {
                "generation2_features": [],
                "legacy_features": [
                  {
                    "pci_topology": "PCI_TOPOLOGY_V2"
                  }
                ]
              }
            ],
            "id": "fd8qmr57ndfedjv8lfgk",
            "image_id": "fd8qmr57ndfedjv8lfgk",
            "kms_key_id": null,
            "labels": {
              "version": "20260812085451",
              "x-hopper-operation-id": "d9pnq878m7ale6s14ne3",
              "x-hopper-source-image-id": "fd812tu5316cn6oeh6b1"
            },
            "min_disk_size": 8,
            "name": "ubuntu-22-04-lts-v20260817",
            "os_type": "linux",
            "pooled": true,
            "product_ids": [
              "f2elfhr9h41g6c34ntnf"
            ],
            "size": 2,
            "status": "ready"
          },
          "sensitive_attributes": [],
          "identity_schema_version": 0
        }
      ]
    },
    {
      "mode": "data",
      "type": "yandex_vpc_network",
      "name": "default",
      "provider": "provider[\"registry.terraform.io/yandex-cloud/yandex\"]",
      "instances": [
        {
          "schema_version": 0,
          "attributes": {
            "created_at": "2026-06-05T06:26:55Z",
            "default_security_group_id": "enp02o0sfgb6d53701oq",
            "description": "Auto-created network",
            "folder_id": "b1g7lugqmq7nnietkvdf",
            "id": "enpolfehdq4pt0np1cb9",
            "labels": {},
            "name": "default",
            "network_id": "enpolfehdq4pt0np1cb9",
            "subnet_ids": [
              "ajcvdjnpmmjl5008mko7",
              "e2ljp2dl7aigsa21fgrs",
              "e9bolvonbf7i79q1sgr1",
              "fl885qs240s6a0607b2t"
            ]
          },
          "sensitive_attributes": [],
          "identity_schema_version": 0
        }
      ]
    },
    {
      "mode": "data",
      "type": "yandex_vpc_subnet",
      "name": "default-ru-central1-d",
      "provider": "provider[\"registry.terraform.io/yandex-cloud/yandex\"]",
      "instances": [
        {
          "schema_version": 0,
          "attributes": {
            "created_at": "2026-06-05T06:26:56Z",
            "description": "Auto-created default subnet for zone ru-central1-d in default",
            "dhcp_options": [],
            "folder_id": "b1g7lugqmq7nnietkvdf",
            "id": "fl885qs240s6a0607b2t",
            "labels": {},
            "name": "default-ru-central1-d",
            "network_id": "enpolfehdq4pt0np1cb9",
            "route_table_id": "",
            "subnet_id": "fl885qs240s6a0607b2t",
            "v4_cidr_blocks": [
              "10.130.0.0/24"
            ],
            "v6_cidr_blocks": [],
            "zone": "ru-central1-d"
          },
          "sensitive_attributes": [],
          "identity_schema_version": 0
        }
      ]
    },
    {
      "mode": "managed",
      "type": "yandex_compute_instance",
      "name": "vm-01",
      "provider": "provider[\"registry.terraform.io/yandex-cloud/yandex\"]",
      "instances": [
        {
          "schema_version": 1,
          "attributes": {
            "allow_recreate": null,
            "allow_stopping_for_update": null,
            "boot_disk": [
              {
                "auto_delete": true,
                "device_name": "fv4ef4opfjfvqs97011f",
                "disk_id": "fv4ef4opfjfvqs97011f",
                "initialize_params": [
                  {
                    "block_size": 4096,
                    "description": "",
                    "image_id": "fd8qmr57ndfedjv8lfgk",
                    "kms_key_id": "",
                    "name": "",
                    "size": 40,
                    "snapshot_id": "",
                    "type": "network-ssd"
                  }
                ],
                "mode": "READ_WRITE"
              }
            ],
            "created_at": "2026-08-20T01:47:46Z",
            "description": "",
            "filesystem": [],
            "folder_id": "b1g7lugqmq7nnietkvdf",
            "fqdn": "fv46tbc4aink7vgh8u7m.auto.internal",
            "gpu_cluster_id": "",
            "hardware_generation": [
              {
                "generation2_features": [],
                "legacy_features": [
                  {
                    "pci_topology": "PCI_TOPOLOGY_V2"
                  }
                ]
              }
            ],
            "hostname": "",
            "id": "fv46tbc4aink7vgh8u7m",
            "labels": null,
            "local_disk": [],
            "maintenance_grace_period": "",
            "maintenance_policy": null,
            "metadata": {
              "ssh-keys": "yc-user:ssh-rsa AAAAB3NzaC1yc2EAAAADAQABAAACAQDE1KNSG1uIP/bqwRFzA7+/qLqCpeFW2bhHQxsUjt6aR7gpxOhJqSdGjAuwpcQJ5xg7uiGDDdB5yZNwihFjVEZXayMIFFJic/S40iH8Z6x859zJY3qHUVHID2FP9vmM+vW6NzcgwwcLn7bjxQcQSJWEHXdnnvL9NNaYnw5HbpWGnMWKaRDI0q2TiOG1n3S5E+1M8T08EdPsq3/j+Wx3+78HqbOlHfN8ecQ1chVo/TYr6WgqwBLFEpPL5lWQRg9kqTip4sdRSqvgEY8U6vOjzWm57qTwhU9adFcGdR1iiWts4+9R1cjnubGZvtX7gK+vmQVL5nRMU6wjV3JyjzpSK2jJ15hBGZab03++sBJ94PEP2OZr57fabpNeOdb2YJZEtTzEwHGnvutV7Ipd1mOwbIV3/RUsCWxPZqi/9spxMOuRuarcB6hT6ZT/rP7PQyPyaXq23ZDoXEhxYXmhvRHeiH9QecnsvJjy+WvPDbEjvndAzPr9e7mSOzKJMw2tPSqj06AgZWafe78eOGtrdy8COHLCBSc81e8h/aXrUl7P2CpQ0S7tPilSH3sy39XjoYmfGVoSolKKXHFijMN3HPWLkdcYiB7uD7woVdCQHH1idJFw0qH61rFiR1diqimLQmui6ty9/92pnx3BS6awcrSvdCUP4NMDOHc4ognMCECY+H7Kjw== user@vm-5654dcb7-b548-4697-8c61-9a9b442ab18e\n"
            },
            "metadata_options": [
              {
                "aws_v1_http_endpoint": 1,
                "aws_v1_http_token": 2,
                "aws_v2_http_endpoint": 1,
                "aws_v2_http_token": 1,
                "gce_http_endpoint": 1,
                "gce_http_token": 1
              }
            ],
            "name": "vm-01",
            "network_acceleration_type": "standard",
            "network_interface": [
              {
                "dns_record": [],
                "index": 0,
                "ip_address": "10.130.0.25",
                "ipv4": true,
                "ipv6": false,
                "ipv6_address": "",
                "ipv6_dns_record": [],
                "mac_address": "d0:0d:6e:ad:84:54",
                "nat": true,
                "nat_dns_record": [],
                "nat_ip_address": "81.26.179.103",
                "nat_ip_version": "IPV4",
                "security_group_ids": null,
                "subnet_id": "fl885qs240s6a0607b2t"
              }
            ],
            "placement_policy": [
              {
                "host_affinity_rules": [],
                "placement_group_id": "",
                "placement_group_partition": 0
              }
            ],
            "platform_id": "standard-v3",
            "reserved_instance_pool_id": "",
            "resources": [
              {
                "core_fraction": 100,
                "cores": 2,
                "gpus": 0,
                "memory": 2
              }
            ],
            "scheduling_policy": [
              {
                "preemptible": false
              }
            ],
            "secondary_disk": [],
            "service_account_id": "",
            "status": "running",
            "timeouts": null,
            "zone": "ru-central1-d"
          },
          "sensitive_attributes": [],
          "identity_schema_version": 0,
          "private": "eyJlMmJmYjczMC1lY2FhLTExZTYtOGY4OC0zNDM2M2JjN2M0YzAiOnsiY3JlYXRlIjozMDAwMDAwMDAwMDAsImRlbGV0ZSI6MzAwMDAwMDAwMDAwLCJ1cGRhdGUiOjMwMDAwMDAwMDAwMH0sInNjaGVtYV92ZXJzaW9uIjoiMSJ9",
          "dependencies": [
            "data.yandex_compute_image.ubuntu-22-04",
            "data.yandex_vpc_subnet.default-ru-central1-d"
          ]
        }
      ]
    }
  ],
  "check_results": null
}
